
Microsoft Visual Studio Solution File, Format Version 12.00
# Visual Studio Version 17
VisualStudioVersion = 17.7.34031.279
MinimumVisualStudioVersion = 10.0.40219.1
Project("{9A19103F-16F7-4668-BE54-9A1E7A4F7556}") = "OOP_Excercise", "OOP_Excercise\OOP_Excercise.csproj", "{D6CB8C38-B69E-43F4-9305-230E41445ED1}"
EndProject
Project("{9A19103F-16F7-4668-BE54-9A1E7A4F7556}") = "OOP_Excercise2", "OOP_Excercise2\OOP_Excercise2.csproj", "{4261C551-9FBF-4B81-B957-FA38F81B20CA}"
EndProject
Project("{9A19103F-16F7-4668-BE54-9A1E7A4F7556}") = "EncapsulationExcercise", "EncapsulationExcercise\EncapsulationExcercise.csproj", "{37745A52-B1A4-423A-9736-71B22B5E9CA6}"
EndProject
Project("{9A19103F-16F7-4668-BE54-9A1E7A4F7556}") = "SpotifyExcercise", "SpotifyExcercise\SpotifyExcercise.csproj", "{138EC504-4272-4D1B-9C84-25BCC304372A}"
EndProject
Project("{9A19103F-16F7-4668-BE54-9A1E7A4F7556}") = "InheritanceExample", "InheritanceExample\InheritanceExample.csproj", "{08DE51B5-4A40-4DFB-92AE-E1CFB2EAC6CB}"
EndProject
Project("{9A19103F-16F7-4668-BE54-9A1E7A4F7556}") = "CalendarAPP", "CalendarAPP\CalendarAPP.csproj", "{8D84F904-B6C2-465A-8DAD-111A397C1E19}"
EndProject
Project("{9A19103F-16F7-4668-BE54-9A1E7A4F7556}") = "InterfaceExample", "InterfaceExample\InterfaceExample.csproj", "{344DC777-9C42-467E-9827-7E20E4DACB88}"
EndProject
Project("{9A19103F-16F7-4668-BE54-9A1E7A4F7556}") = "ProductShipping", "ProductShipping\ProductShipping.csproj", "{C759D3A4-58E4-4DA4-BC98-408F2A0AD455}"
EndProject
Project("{9A19103F-16F7-4668-BE54-9A1E7A4F7556}") = "InterfaceExample2", "InterfaceExample2\InterfaceExample2.csproj", "{41525ECF-F34A-4BB9-BA9D-48913486B10F}"
EndProject
Project("{9A19103F-16F7-4668-BE54-9A1E7A4F7556}") = "ExtensionMethodsExample", "ExtensionMethodsExample\ExtensionMethodsExample.csproj", "{4983E795-8B1D-47C7-8A75-6BA176014C6A}"
EndProject
Project("{9A19103F-16F7-4668-BE54-9A1E7A4F7556}") = "FreelancerApp", "FreelancerApp\FreelancerApp.csproj", "{93214163-79C2-4755-A3E6-7C752DB16EBF}"
EndProject
Project("{FAE04EC0-301F-11D3-BF4B-00C04F79EFBC}") = "LinqMethods", "LinqMethods\LinqMethods.csproj", "{A8DA5F4D-5249-480B-BD30-655F58F3123F}"
EndProject
Global
	GlobalSection(SolutionConfigurationPlatforms) = preSolution
		Debug|Any CPU = Debug|Any CPU
		Release|Any CPU = Release|Any CPU
	EndGlobalSection
	GlobalSection(ProjectConfigurationPlatforms) = postSolution
		{D6CB8C38-B69E-43F4-9305-230E41445ED1}.Debug|Any CPU.ActiveCfg = Debug|Any CPU
		{D6CB8C38-B69E-43F4-9305-230E41445ED1}.Debug|Any CPU.Build.0 = Debug|Any CPU
		{D6CB8C38-B69E-43F4-9305-230E41445ED1}.Release|Any CPU.ActiveCfg = Release|Any CPU
		{D6CB8C38-B69E-43F4-9305-230E41445ED1}.Release|Any CPU.Build.0 = Release|Any CPU
		{4261C551-9FBF-4B81-B957-FA38F81B20CA}.Debug|Any CPU.ActiveCfg = Debug|Any CPU
		{4261C551-9FBF-4B81-B957-FA38F81B20CA}.Debug|Any CPU.Build.0 = Debug|Any CPU
		{4261C551-9FBF-4B81-B957-FA38F81B20CA}.Release|Any CPU.ActiveCfg = Release|Any CPU
		{4261C551-9FBF-4B81-B957-FA38F81B20CA}.Release|Any CPU.Build.0 = Release|Any CPU
		{37745A52-B1A4-423A-9736-71B22B5E9CA6}.Debug|Any CPU.ActiveCfg = Debug|Any CPU
		{37745A52-B1A4-423A-9736-71B22B5E9CA6}.Debug|Any CPU.Build.0 = Debug|Any CPU
		{37745A52-B1A4-423A-9736-71B22B5E9CA6}.Release|Any CPU.ActiveCfg = Release|Any CPU
		{37745A52-B1A4-423A-9736-71B22B5E9CA6}.Release|Any CPU.Build.0 = Release|Any CPU
		{138EC504-4272-4D1B-9C84-25BCC304372A}.Debug|Any CPU.ActiveCfg = Debug|Any CPU
		{138EC504-4272-4D1B-9C84-25BCC304372A}.Debug|Any CPU.Build.0 = Debug|Any CPU
		{138EC504-4272-4D1B-9C84-25BCC304372A}.Release|Any CPU.ActiveCfg = Release|Any CPU
		{138EC504-4272-4D1B-9C84-25BCC304372A}.Release|Any CPU.Build.0 = Release|Any CPU
		{08DE51B5-4A40-4DFB-92AE-E1CFB2EAC6CB}.Debug|Any CPU.ActiveCfg = Debug|Any CPU
		{08DE51B5-4A40-4DFB-92AE-E1CFB2EAC6CB}.Debug|Any CPU.Build.0 = Debug|Any CPU
		{08DE51B5-4A40-4DFB-92AE-E1CFB2EAC6CB}.Release|Any CPU.ActiveCfg = Release|Any CPU
		{08DE51B5-4A40-4DFB-92AE-E1CFB2EAC6CB}.Release|Any CPU.Build.0 = Release|Any CPU
		{8D84F904-B6C2-465A-8DAD-111A397C1E19}.Debug|Any CPU.ActiveCfg = Debug|Any CPU
		{8D84F904-B6C2-465A-8DAD-111A397C1E19}.Debug|Any CPU.Build.0 = Debug|Any CPU
		{8D84F904-B6C2-465A-8DAD-111A397C1E19}.Release|Any CPU.ActiveCfg = Release|Any CPU
		{8D84F904-B6C2-465A-8DAD-111A397C1E19}.Release|Any CPU.Build.0 = Release|Any CPU
		{344DC777-9C42-467E-9827-7E20E4DACB88}.Debug|Any CPU.ActiveCfg = Debug|Any CPU
		{344DC777-9C42-467E-9827-7E20E4DACB88}.Debug|Any CPU.Build.0 = Debug|Any CPU
		{344DC777-9C42-467E-9827-7E20E4DACB88}.Release|Any CPU.ActiveCfg = Release|Any CPU
		{344DC777-9C42-467E-9827-7E20E4DACB88}.Release|Any CPU.Build.0 = Release|Any CPU
		{C759D3A4-58E4-4DA4-BC98-408F2A0AD455}.Debug|Any CPU.ActiveCfg = Debug|Any CPU
		{C759D3A4-58E4-4DA4-BC98-408F2A0AD455}.Debug|Any CPU.Build.0 = Debug|Any CPU
		{C759D3A4-58E4-4DA4-BC98-408F2A0AD455}.Release|Any CPU.ActiveCfg = Release|Any CPU
		{C759D3A4-58E4-4DA4-BC98-408F2A0AD455}.Release|Any CPU.Build.0 = Release|Any CPU
		{41525ECF-F34A-4BB9-BA9D-48913486B10F}.Debug|Any CPU.ActiveCfg = Debug|Any CPU
		{41525ECF-F34A-4BB9-BA9D-48913486B10F}.Debug|Any CPU.Build.0 = Debug|Any CPU
		{41525ECF-F34A-4BB9-BA9D-48913486B10F}.Release|Any CPU.ActiveCfg = Release|Any CPU
		{41525ECF-F34A-4BB9-BA9D-48913486B10F}.Release|Any CPU.Build.0 = Release|Any CPU
		{4983E795-8B1D-47C7-8A75-6BA176014C6A}.Debug|Any CPU.ActiveCfg = Debug|Any CPU
		{4983E795-8B1D-47C7-8A75-6BA176014C6A}.Debug|Any CPU.Build.0 = Debug|Any CPU
		{4983E795-8B1D-47C7-8A75-6BA176014C6A}.Release|Any CPU.ActiveCfg = Release|Any CPU
		{4983E795-8B1D-47C7-8A75-6BA176014C6A}.Release|Any CPU.Build.0 = Release|Any CPU
		{93214163-79C2-4755-A3E6-7C752DB16EBF}.Debug|Any CPU.ActiveCfg = Debug|Any CPU
		{93214163-79C2-4755-A3E6-7C752DB16EBF}.Debug|Any CPU.Build.0 = Debug|Any CPU
		{93214163-79C2-4755-A3E6-7C752DB16EBF}.Release|Any CPU.ActiveCfg = Release|Any CPU
		{93214163-79C2-4755-A3E6-7C752DB16EBF}.Release|Any CPU.Build.0 = Release|Any CPU
		{A8DA5F4D-5249-480B-BD30-655F58F3123F}.Debug|Any CPU.ActiveCfg = Debug|Any CPU
		{A8DA5F4D-5249-480B-BD30-655F58F3123F}.Debug|Any CPU.Build.0 = Debug|Any CPU
		{A8DA5F4D-5249-480B-BD30-655F58F3123F}.Release|Any CPU.ActiveCfg = Release|Any CPU
		{A8DA5F4D-5249-480B-BD30-655F58F3123F}.Release|Any CPU.Build.0 = Release|Any CPU
	EndGlobalSection
	GlobalSection(SolutionProperties) = preSolution
		HideSolutionNode = FALSE
	EndGlobalSection
	GlobalSection(ExtensibilityGlobals) = postSolution
		SolutionGuid = {61B83C98-5A58-438A-B7DD-23030C0BB531}
	EndGlobalSection
EndGlobal
