
Microsoft Visual Studio Solution File, Format Version 12.00
# Visual Studio Version 17
VisualStudioVersion = 17.7.34031.279
MinimumVisualStudioVersion = 10.0.40219.1
Project("{9A19103F-16F7-4668-BE54-9A1E7A4F7556}") = "OOP_Excercise", "OOP_Excercise\OOP_Excercise.csproj", "{D6CB8C38-B69E-43F4-9305-230E41445ED1}"
EndProject
Project("{9A19103F-16F7-4668-BE54-9A1E7A4F7556}") = "OOP_Excercise2", "OOP_Excercise2\OOP_Excercise2.csproj", "{4261C551-9FBF-4B81-B957-FA38F81B20CA}"
EndProject
Project("{FAE04EC0-301F-11D3-BF4B-00C04F79EFBC}") = "EncapsulationExcercise", "EncapsulationExcercise\EncapsulationExcercise.csproj", "{37745A52-B1A4-423A-9736-71B22B5E9CA6}"
EndProject
Global
	GlobalSection(SolutionConfigurationPlatforms) = preSolution
		Debug|Any CPU = Debug|Any CPU
		Release|Any CPU = Release|Any CPU
	EndGlobalSection
	GlobalSection(ProjectConfigurationPlatforms) = postSolution
		{D6CB8C38-B69E-43F4-9305-230E41445ED1}.Debug|Any CPU.ActiveCfg = Debug|Any CPU
		{D6CB8C38-B69E-43F4-9305-230E41445ED1}.Debug|Any CPU.Build.0 = Debug|Any CPU
		{D6CB8C38-B69E-43F4-9305-230E41445ED1}.Release|Any CPU.ActiveCfg = Release|Any CPU
		{D6CB8C38-B69E-43F4-9305-230E41445ED1}.Release|Any CPU.Build.0 = Release|Any CPU
		{4261C551-9FBF-4B81-B957-FA38F81B20CA}.Debug|Any CPU.ActiveCfg = Debug|Any CPU
		{4261C551-9FBF-4B81-B957-FA38F81B20CA}.Debug|Any CPU.Build.0 = Debug|Any CPU
		{4261C551-9FBF-4B81-B957-FA38F81B20CA}.Release|Any CPU.ActiveCfg = Release|Any CPU
		{4261C551-9FBF-4B81-B957-FA38F81B20CA}.Release|Any CPU.Build.0 = Release|Any CPU
		{37745A52-B1A4-423A-9736-71B22B5E9CA6}.Debug|Any CPU.ActiveCfg = Debug|Any CPU
		{37745A52-B1A4-423A-9736-71B22B5E9CA6}.Debug|Any CPU.Build.0 = Debug|Any CPU
		{37745A52-B1A4-423A-9736-71B22B5E9CA6}.Release|Any CPU.ActiveCfg = Release|Any CPU
		{37745A52-B1A4-423A-9736-71B22B5E9CA6}.Release|Any CPU.Build.0 = Release|Any CPU
	EndGlobalSection
	GlobalSection(SolutionProperties) = preSolution
		HideSolutionNode = FALSE
	EndGlobalSection
	GlobalSection(ExtensibilityGlobals) = postSolution
		SolutionGuid = {61B83C98-5A58-438A-B7DD-23030C0BB531}
	EndGlobalSection
EndGlobal
